
Microsoft Visual Studio Solution File, Format Version 12.00
# Visual Studio Version 17
VisualStudioVersion = 17.12.35527.113 d17.12
MinimumVisualStudioVersion = 10.0.40219.1
Project("{FAE04EC0-301F-11D3-BF4B-00C04F79EFBC}") = "AspNetCicdDemo", "AspNetCicdDemo.csproj", "{CAE66C9B-6711-4D94-8CC4-3FE95C0B03B6}"
EndProject
Global
	GlobalSection(SolutionConfigurationPlatforms) = preSolution
		Debug|Any CPU = Debug|Any CPU
		Release|Any CPU = Release|Any CPU
	EndGlobalSection
	GlobalSection(ProjectConfigurationPlatforms) = postSolution
		{CAE66C9B-6711-4D94-8CC4-3FE95C0B03B6}.Debug|Any CPU.ActiveCfg = Debug|Any CPU
		{CAE66C9B-6711-4D94-8CC4-3FE95C0B03B6}.Debug|Any CPU.Build.0 = Debug|Any CPU
		{CAE66C9B-6711-4D94-8CC4-3FE95C0B03B6}.Release|Any CPU.ActiveCfg = Release|Any CPU
		{CAE66C9B-6711-4D94-8CC4-3FE95C0B03B6}.Release|Any CPU.Build.0 = Release|Any CPU
	EndGlobalSection
	GlobalSection(SolutionProperties) = preSolution
		HideSolutionNode = FALSE
	EndGlobalSection
EndGlobal
